// !$*UTF8*$!
{
	archiveVersion = 1;
	classes = {
	};
	objectVersion = 46;
	objects = {

/* Begin PBXBuildFile section */
		DC0375BD1F68B39D00232C18 /* DetailedViewController.swift in Sources */ = {isa = PBXBuildFile; fileRef = DC0375BC1F68B39D00232C18 /* DetailedViewController.swift */; };
		DC0375BF1F68B46300232C18 /* CollectionVDelegateMethods.swift in Sources */ = {isa = PBXBuildFile; fileRef = DC0375BE1F68B46300232C18 /* CollectionVDelegateMethods.swift */; };
		DC0375C11F68B6D900232C18 /* ImageCollectionViewCell.swift in Sources */ = {isa = PBXBuildFile; fileRef = DC0375C01F68B6D900232C18 /* ImageCollectionViewCell.swift */; };
		DC2D806A1F69BEBA00CAE050 /* SwiftHelperExtension.swift in Sources */ = {isa = PBXBuildFile; fileRef = DC2D80691F69BEBA00CAE050 /* SwiftHelperExtension.swift */; };
		DC2D80751F69F30800CAE050 /* DVCDataUpdateMethods.swift in Sources */ = {isa = PBXBuildFile; fileRef = DC2D80741F69F30800CAE050 /* DVCDataUpdateMethods.swift */; };
		DCB0FD371F6713050027D75D /* AppDelegate.swift in Sources */ = {isa = PBXBuildFile; fileRef = DCB0FD361F6713050027D75D /* AppDelegate.swift */; };
		DCB0FD3C1F6713050027D75D /* Main.storyboard in Resources */ = {isa = PBXBuildFile; fileRef = DCB0FD3A1F6713050027D75D /* Main.storyboard */; };
		DCB0FD3E1F6713050027D75D /* Assets.xcassets in Resources */ = {isa = PBXBuildFile; fileRef = DCB0FD3D1F6713050027D75D /* Assets.xcassets */; };
		DCB0FD411F6713050027D75D /* LaunchScreen.storyboard in Resources */ = {isa = PBXBuildFile; fileRef = DCB0FD3F1F6713050027D75D /* LaunchScreen.storyboard */; };
		DCB0FD4C1F6713050027D75D /* VirtualTouristTests.swift in Sources */ = {isa = PBXBuildFile; fileRef = DCB0FD4B1F6713050027D75D /* VirtualTouristTests.swift */; };
		DCB0FD571F6713050027D75D /* VirtualTouristUITests.swift in Sources */ = {isa = PBXBuildFile; fileRef = DCB0FD561F6713050027D75D /* VirtualTouristUITests.swift */; };
		DCB0FD711F6719E70027D75D /* CoreDataStack.swift in Sources */ = {isa = PBXBuildFile; fileRef = DCB0FD701F6719E70027D75D /* CoreDataStack.swift */; };
		DCB0FD761F671B460027D75D /* CoreDataTableViewController.swift in Sources */ = {isa = PBXBuildFile; fileRef = DCB0FD751F671B460027D75D /* CoreDataTableViewController.swift */; };
		DCB0FD781F6720880027D75D /* CoreDataCollectionViewController.swift in Sources */ = {isa = PBXBuildFile; fileRef = DCB0FD771F6720880027D75D /* CoreDataCollectionViewController.swift */; };
		DCB0FD7C1F673CD50027D75D /* VTDataModel.xcdatamodeld in Sources */ = {isa = PBXBuildFile; fileRef = DCB0FD7A1F673CD50027D75D /* VTDataModel.xcdatamodeld */; };
		DCB0FD7E1F6745E30027D75D /* FClient.swift in Sources */ = {isa = PBXBuildFile; fileRef = DCB0FD7D1F6745E30027D75D /* FClient.swift */; };
		DCB0FD811F6746090027D75D /* VConstant.swift in Sources */ = {isa = PBXBuildFile; fileRef = DCB0FD801F6746090027D75D /* VConstant.swift */; };
		DCB0FD831F6749FD0027D75D /* MapViewController.swift in Sources */ = {isa = PBXBuildFile; fileRef = DCB0FD821F6749FD0027D75D /* MapViewController.swift */; };
		DCB0FD871F6750DD0027D75D /* MapViewDelegateMethods.swift in Sources */ = {isa = PBXBuildFile; fileRef = DCB0FD861F6750DD0027D75D /* MapViewDelegateMethods.swift */; };
		DCB0FDBC1F6789C90027D75D /* PhotoFrame+CoreDataClass.swift in Sources */ = {isa = PBXBuildFile; fileRef = DCB0FDB81F6789C90027D75D /* PhotoFrame+CoreDataClass.swift */; };
		DCB0FDBE1F6789C90027D75D /* PinFrame+CoreDataClass.swift in Sources */ = {isa = PBXBuildFile; fileRef = DCB0FDBA1F6789C90027D75D /* PinFrame+CoreDataClass.swift */; };
		DCB0FDC41F67955B0027D75D /* DebugM.swift in Sources */ = {isa = PBXBuildFile; fileRef = DCB0FDC31F67955B0027D75D /* DebugM.swift */; };
		DCBD8C461F6DC67100FFF8FE /* PinFrame+CoreDataProperties.swift in Sources */ = {isa = PBXBuildFile; fileRef = DCBD8C441F6DC67100FFF8FE /* PinFrame+CoreDataProperties.swift */; };
		DCBD8C4B1F6DF34300FFF8FE /* PhotoFrame+CoreDataProperties.swift in Sources */ = {isa = PBXBuildFile; fileRef = DCBD8C4A1F6DF34300FFF8FE /* PhotoFrame+CoreDataProperties.swift */; };
		DCBD8C4D1F6DF62900FFF8FE /* DebugFileTemp.txt in Sources */ = {isa = PBXBuildFile; fileRef = DCBD8C4C1F6DF62900FFF8FE /* DebugFileTemp.txt */; };
/* End PBXBuildFile section */

/* Begin PBXContainerItemProxy section */
		DCB0FD481F6713050027D75D /* PBXContainerItemProxy */ = {
			isa = PBXContainerItemProxy;
			containerPortal = DCB0FD2B1F6713050027D75D /* Project object */;
			proxyType = 1;
			remoteGlobalIDString = DCB0FD321F6713050027D75D;
			remoteInfo = VirtualTourist;
		};
		DCB0FD531F6713050027D75D /* PBXContainerItemProxy */ = {
			isa = PBXContainerItemProxy;
			containerPortal = DCB0FD2B1F6713050027D75D /* Project object */;
			proxyType = 1;
			remoteGlobalIDString = DCB0FD321F6713050027D75D;
			remoteInfo = VirtualTourist;
		};
/* End PBXContainerItemProxy section */

/* Begin PBXFileReference section */
		DC0375BC1F68B39D00232C18 /* DetailedViewController.swift */ = {isa = PBXFileReference; fileEncoding = 4; lastKnownFileType = sourcecode.swift; path = DetailedViewController.swift; sourceTree = "<group>"; };
		DC0375BE1F68B46300232C18 /* CollectionVDelegateMethods.swift */ = {isa = PBXFileReference; fileEncoding = 4; lastKnownFileType = sourcecode.swift; path = CollectionVDelegateMethods.swift; sourceTree = "<group>"; };
		DC0375C01F68B6D900232C18 /* ImageCollectionViewCell.swift */ = {isa = PBXFileReference; fileEncoding = 4; lastKnownFileType = sourcecode.swift; path = ImageCollectionViewCell.swift; sourceTree = "<group>"; };
		DC2D80691F69BEBA00CAE050 /* SwiftHelperExtension.swift */ = {isa = PBXFileReference; fileEncoding = 4; lastKnownFileType = sourcecode.swift; path = SwiftHelperExtension.swift; sourceTree = "<group>"; };
		DC2D806B1F69EDC200CAE050 /* VTDataModel2.xcdatamodel */ = {isa = PBXFileReference; lastKnownFileType = wrapper.xcdatamodel; path = VTDataModel2.xcdatamodel; sourceTree = "<group>"; };
		DC2D80741F69F30800CAE050 /* DVCDataUpdateMethods.swift */ = {isa = PBXFileReference; fileEncoding = 4; lastKnownFileType = sourcecode.swift; path = DVCDataUpdateMethods.swift; sourceTree = "<group>"; };
		DCB0FD331F6713050027D75D /* VirtualTourist.app */ = {isa = PBXFileReference; explicitFileType = wrapper.application; includeInIndex = 0; path = VirtualTourist.app; sourceTree = BUILT_PRODUCTS_DIR; };
		DCB0FD361F6713050027D75D /* AppDelegate.swift */ = {isa = PBXFileReference; lastKnownFileType = sourcecode.swift; path = AppDelegate.swift; sourceTree = "<group>"; };
		DCB0FD3B1F6713050027D75D /* Base */ = {isa = PBXFileReference; lastKnownFileType = file.storyboard; name = Base; path = Base.lproj/Main.storyboard; sourceTree = "<group>"; };
		DCB0FD3D1F6713050027D75D /* Assets.xcassets */ = {isa = PBXFileReference; lastKnownFileType = folder.assetcatalog; path = Assets.xcassets; sourceTree = "<group>"; };
		DCB0FD401F6713050027D75D /* Base */ = {isa = PBXFileReference; lastKnownFileType = file.storyboard; name = Base; path = Base.lproj/LaunchScreen.storyboard; sourceTree = "<group>"; };
		DCB0FD421F6713050027D75D /* Info.plist */ = {isa = PBXFileReference; lastKnownFileType = text.plist.xml; path = Info.plist; sourceTree = "<group>"; };
		DCB0FD471F6713050027D75D /* VirtualTouristTests.xctest */ = {isa = PBXFileReference; explicitFileType = wrapper.cfbundle; includeInIndex = 0; path = VirtualTouristTests.xctest; sourceTree = BUILT_PRODUCTS_DIR; };
		DCB0FD4B1F6713050027D75D /* VirtualTouristTests.swift */ = {isa = PBXFileReference; lastKnownFileType = sourcecode.swift; path = VirtualTouristTests.swift; sourceTree = "<group>"; };
		DCB0FD4D1F6713050027D75D /* Info.plist */ = {isa = PBXFileReference; lastKnownFileType = text.plist.xml; path = Info.plist; sourceTree = "<group>"; };
		DCB0FD521F6713050027D75D /* VirtualTouristUITests.xctest */ = {isa = PBXFileReference; explicitFileType = wrapper.cfbundle; includeInIndex = 0; path = VirtualTouristUITests.xctest; sourceTree = BUILT_PRODUCTS_DIR; };
		DCB0FD561F6713050027D75D /* VirtualTouristUITests.swift */ = {isa = PBXFileReference; lastKnownFileType = sourcecode.swift; path = VirtualTouristUITests.swift; sourceTree = "<group>"; };
		DCB0FD581F6713050027D75D /* Info.plist */ = {isa = PBXFileReference; lastKnownFileType = text.plist.xml; path = Info.plist; sourceTree = "<group>"; };
		DCB0FD701F6719E70027D75D /* CoreDataStack.swift */ = {isa = PBXFileReference; fileEncoding = 4; lastKnownFileType = sourcecode.swift; path = CoreDataStack.swift; sourceTree = "<group>"; };
		DCB0FD751F671B460027D75D /* CoreDataTableViewController.swift */ = {isa = PBXFileReference; fileEncoding = 4; lastKnownFileType = sourcecode.swift; path = CoreDataTableViewController.swift; sourceTree = "<group>"; };
		DCB0FD771F6720880027D75D /* CoreDataCollectionViewController.swift */ = {isa = PBXFileReference; fileEncoding = 4; lastKnownFileType = sourcecode.swift; path = CoreDataCollectionViewController.swift; sourceTree = "<group>"; };
		DCB0FD7B1F673CD50027D75D /* VTDataModel.xcdatamodel */ = {isa = PBXFileReference; explicitFileType = wrapper.xcdatamodel; path = VTDataModel.xcdatamodel; sourceTree = "<group>"; };
		DCB0FD7D1F6745E30027D75D /* FClient.swift */ = {isa = PBXFileReference; fileEncoding = 4; lastKnownFileType = sourcecode.swift; path = FClient.swift; sourceTree = "<group>"; };
		DCB0FD801F6746090027D75D /* VConstant.swift */ = {isa = PBXFileReference; fileEncoding = 4; lastKnownFileType = sourcecode.swift; path = VConstant.swift; sourceTree = "<group>"; };
		DCB0FD821F6749FD0027D75D /* MapViewController.swift */ = {isa = PBXFileReference; fileEncoding = 4; lastKnownFileType = sourcecode.swift; path = MapViewController.swift; sourceTree = "<group>"; };
		DCB0FD861F6750DD0027D75D /* MapViewDelegateMethods.swift */ = {isa = PBXFileReference; fileEncoding = 4; lastKnownFileType = sourcecode.swift; path = MapViewDelegateMethods.swift; sourceTree = "<group>"; };
		DCB0FDA31F6787AE0027D75D /* VirtualTourist-Bridging-Header.h */ = {isa = PBXFileReference; lastKnownFileType = sourcecode.c.h; path = "VirtualTourist-Bridging-Header.h"; sourceTree = "<group>"; };
		DCB0FDB81F6789C90027D75D /* PhotoFrame+CoreDataClass.swift */ = {isa = PBXFileReference; fileEncoding = 4; lastKnownFileType = sourcecode.swift; name = "PhotoFrame+CoreDataClass.swift"; path = "../PhotoFrame+CoreDataClass.swift"; sourceTree = "<group>"; };
		DCB0FDBA1F6789C90027D75D /* PinFrame+CoreDataClass.swift */ = {isa = PBXFileReference; fileEncoding = 4; lastKnownFileType = sourcecode.swift; name = "PinFrame+CoreDataClass.swift"; path = "../PinFrame+CoreDataClass.swift"; sourceTree = "<group>"; };
		DCB0FDC31F67955B0027D75D /* DebugM.swift */ = {isa = PBXFileReference; fileEncoding = 4; lastKnownFileType = sourcecode.swift; path = DebugM.swift; sourceTree = "<group>"; };
		DCBD8C3E1F6DC4CA00FFF8FE /* VTDataM3PhotoFrame.xcdatamodel */ = {isa = PBXFileReference; lastKnownFileType = wrapper.xcdatamodel; path = VTDataM3PhotoFrame.xcdatamodel; sourceTree = "<group>"; };
		DCBD8C441F6DC67100FFF8FE /* PinFrame+CoreDataProperties.swift */ = {isa = PBXFileReference; fileEncoding = 4; lastKnownFileType = sourcecode.swift; name = "PinFrame+CoreDataProperties.swift"; path = "../PinFrame+CoreDataProperties.swift"; sourceTree = "<group>"; };
		DCBD8C471F6DF2BF00FFF8FE /* VTDataM4.xcdatamodel */ = {isa = PBXFileReference; lastKnownFileType = wrapper.xcdatamodel; path = VTDataM4.xcdatamodel; sourceTree = "<group>"; };
		DCBD8C4A1F6DF34300FFF8FE /* PhotoFrame+CoreDataProperties.swift */ = {isa = PBXFileReference; fileEncoding = 4; lastKnownFileType = sourcecode.swift; name = "PhotoFrame+CoreDataProperties.swift"; path = "../PhotoFrame+CoreDataProperties.swift"; sourceTree = "<group>"; };
		DCBD8C4C1F6DF62900FFF8FE /* DebugFileTemp.txt */ = {isa = PBXFileReference; fileEncoding = 4; lastKnownFileType = text; path = DebugFileTemp.txt; sourceTree = "<group>"; };
/* End PBXFileReference section */

/* Begin PBXFrameworksBuildPhase section */
		DCB0FD301F6713050027D75D /* Frameworks */ = {
			isa = PBXFrameworksBuildPhase;
			buildActionMask = 2147483647;
			files = (
			);
			runOnlyForDeploymentPostprocessing = 0;
		};
		DCB0FD441F6713050027D75D /* Frameworks */ = {
			isa = PBXFrameworksBuildPhase;
			buildActionMask = 2147483647;
			files = (
			);
			runOnlyForDeploymentPostprocessing = 0;
		};
		DCB0FD4F1F6713050027D75D /* Frameworks */ = {
			isa = PBXFrameworksBuildPhase;
			buildActionMask = 2147483647;
			files = (
			);
			runOnlyForDeploymentPostprocessing = 0;
		};
/* End PBXFrameworksBuildPhase section */

/* Begin PBXGroup section */
		DC0375BB1F68B24D00232C18 /* DetailedViewVC */ = {
			isa = PBXGroup;
			children = (
				DC0375BC1F68B39D00232C18 /* DetailedViewController.swift */,
				DC2D80741F69F30800CAE050 /* DVCDataUpdateMethods.swift */,
				DC0375BE1F68B46300232C18 /* CollectionVDelegateMethods.swift */,
				DC0375C01F68B6D900232C18 /* ImageCollectionViewCell.swift */,
			);
			name = DetailedViewVC;
			sourceTree = "<group>";
		};
		DCB0FD2A1F6713050027D75D = {
			isa = PBXGroup;
			children = (
				DCB0FD351F6713050027D75D /* VirtualTourist */,
				DCB0FD4A1F6713050027D75D /* VirtualTouristTests */,
				DCB0FD551F6713050027D75D /* VirtualTouristUITests */,
				DCB0FD341F6713050027D75D /* Products */,
				DCB0FDA31F6787AE0027D75D /* VirtualTourist-Bridging-Header.h */,
			);
			sourceTree = "<group>";
		};
		DCB0FD341F6713050027D75D /* Products */ = {
			isa = PBXGroup;
			children = (
				DCB0FD331F6713050027D75D /* VirtualTourist.app */,
				DCB0FD471F6713050027D75D /* VirtualTouristTests.xctest */,
				DCB0FD521F6713050027D75D /* VirtualTouristUITests.xctest */,
			);
			name = Products;
			sourceTree = "<group>";
		};
		DCB0FD351F6713050027D75D /* VirtualTourist */ = {
			isa = PBXGroup;
			children = (
				DCB0FD361F6713050027D75D /* AppDelegate.swift */,
				DCB0FD7F1F6745FA0027D75D /* Constant */,
				DCB0FD791F673CAD0027D75D /* Core Data Model */,
				DCB0FD741F671A060027D75D /* Assets */,
				DCB0FD731F6719F60027D75D /* Controller */,
				DCB0FD721F6719EF0027D75D /* Model */,
				DCB0FD3F1F6713050027D75D /* LaunchScreen.storyboard */,
				DCB0FD421F6713050027D75D /* Info.plist */,
			);
			path = VirtualTourist;
			sourceTree = "<group>";
		};
		DCB0FD4A1F6713050027D75D /* VirtualTouristTests */ = {
			isa = PBXGroup;
			children = (
				DCB0FD4B1F6713050027D75D /* VirtualTouristTests.swift */,
				DCB0FD4D1F6713050027D75D /* Info.plist */,
			);
			path = VirtualTouristTests;
			sourceTree = "<group>";
		};
		DCB0FD551F6713050027D75D /* VirtualTouristUITests */ = {
			isa = PBXGroup;
			children = (
				DCB0FD561F6713050027D75D /* VirtualTouristUITests.swift */,
				DCB0FD581F6713050027D75D /* Info.plist */,
			);
			path = VirtualTouristUITests;
			sourceTree = "<group>";
		};
		DCB0FD721F6719EF0027D75D /* Model */ = {
			isa = PBXGroup;
			children = (
				DCB0FD701F6719E70027D75D /* CoreDataStack.swift */,
				DCB0FD7D1F6745E30027D75D /* FClient.swift */,
				DCB0FDC31F67955B0027D75D /* DebugM.swift */,
				DC2D80691F69BEBA00CAE050 /* SwiftHelperExtension.swift */,
				DCBD8C4C1F6DF62900FFF8FE /* DebugFileTemp.txt */,
			);
			name = Model;
			sourceTree = "<group>";
		};
		DCB0FD731F6719F60027D75D /* Controller */ = {
			isa = PBXGroup;
			children = (
				DC0375BB1F68B24D00232C18 /* DetailedViewVC */,
				DCB0FDC21F678D730027D75D /* MapViewVC */,
				DCB0FDC01F678D4C0027D75D /* Base Class */,
				DCB0FD751F671B460027D75D /* CoreDataTableViewController.swift */,
			);
			name = Controller;
			sourceTree = "<group>";
		};
		DCB0FD741F671A060027D75D /* Assets */ = {
			isa = PBXGroup;
			children = (
				DCB0FD3D1F6713050027D75D /* Assets.xcassets */,
				DCB0FD3A1F6713050027D75D /* Main.storyboard */,
			);
			name = Assets;
			sourceTree = "<group>";
		};
		DCB0FD791F673CAD0027D75D /* Core Data Model */ = {
			isa = PBXGroup;
			children = (
				DCBD8C4A1F6DF34300FFF8FE /* PhotoFrame+CoreDataProperties.swift */,
				DCBD8C441F6DC67100FFF8FE /* PinFrame+CoreDataProperties.swift */,
				DCB0FDB81F6789C90027D75D /* PhotoFrame+CoreDataClass.swift */,
				DCB0FDBA1F6789C90027D75D /* PinFrame+CoreDataClass.swift */,
				DCB0FD7A1F673CD50027D75D /* VTDataModel.xcdatamodeld */,
			);
			name = "Core Data Model";
			sourceTree = "<group>";
		};
		DCB0FD7F1F6745FA0027D75D /* Constant */ = {
			isa = PBXGroup;
			children = (
				DCB0FD801F6746090027D75D /* VConstant.swift */,
			);
			name = Constant;
			sourceTree = "<group>";
		};
		DCB0FDC01F678D4C0027D75D /* Base Class */ = {
			isa = PBXGroup;
			children = (
				DCB0FD771F6720880027D75D /* CoreDataCollectionViewController.swift */,
			);
			name = "Base Class";
			sourceTree = "<group>";
		};
		DCB0FDC21F678D730027D75D /* MapViewVC */ = {
			isa = PBXGroup;
			children = (
				DCB0FD821F6749FD0027D75D /* MapViewController.swift */,
				DCB0FD861F6750DD0027D75D /* MapViewDelegateMethods.swift */,
			);
			name = MapViewVC;
			sourceTree = "<group>";
		};
/* End PBXGroup section */

/* Begin PBXNativeTarget section */
		DCB0FD321F6713050027D75D /* VirtualTourist */ = {
			isa = PBXNativeTarget;
			buildConfigurationList = DCB0FD5B1F6713050027D75D /* Build configuration list for PBXNativeTarget "VirtualTourist" */;
			buildPhases = (
				DCB0FD2F1F6713050027D75D /* Sources */,
				DCB0FD301F6713050027D75D /* Frameworks */,
				DCB0FD311F6713050027D75D /* Resources */,
			);
			buildRules = (
			);
			dependencies = (
			);
			name = VirtualTourist;
			productName = VirtualTourist;
			productReference = DCB0FD331F6713050027D75D /* VirtualTourist.app */;
			productType = "com.apple.product-type.application";
		};
		DCB0FD461F6713050027D75D /* VirtualTouristTests */ = {
			isa = PBXNativeTarget;
			buildConfigurationList = DCB0FD5E1F6713050027D75D /* Build configuration list for PBXNativeTarget "VirtualTouristTests" */;
			buildPhases = (
				DCB0FD431F6713050027D75D /* Sources */,
				DCB0FD441F6713050027D75D /* Frameworks */,
				DCB0FD451F6713050027D75D /* Resources */,
			);
			buildRules = (
			);
			dependencies = (
				DCB0FD491F6713050027D75D /* PBXTargetDependency */,
			);
			name = VirtualTouristTests;
			productName = VirtualTouristTests;
			productReference = DCB0FD471F6713050027D75D /* VirtualTouristTests.xctest */;
			productType = "com.apple.product-type.bundle.unit-test";
		};
		DCB0FD511F6713050027D75D /* VirtualTouristUITests */ = {
			isa = PBXNativeTarget;
			buildConfigurationList = DCB0FD611F6713050027D75D /* Build configuration list for PBXNativeTarget "VirtualTouristUITests" */;
			buildPhases = (
				DCB0FD4E1F6713050027D75D /* Sources */,
				DCB0FD4F1F6713050027D75D /* Frameworks */,
				DCB0FD501F6713050027D75D /* Resources */,
			);
			buildRules = (
			);
			dependencies = (
				DCB0FD541F6713050027D75D /* PBXTargetDependency */,
			);
			name = VirtualTouristUITests;
			productName = VirtualTouristUITests;
			productReference = DCB0FD521F6713050027D75D /* VirtualTouristUITests.xctest */;
			productType = "com.apple.product-type.bundle.ui-testing";
		};
/* End PBXNativeTarget section */

/* Begin PBXProject section */
		DCB0FD2B1F6713050027D75D /* Project object */ = {
			isa = PBXProject;
			attributes = {
				LastSwiftUpdateCheck = 0830;
				LastUpgradeCheck = 0830;
				ORGANIZATIONNAME = "Bai Cloud Tech Co";
				TargetAttributes = {
					DCB0FD321F6713050027D75D = {
						CreatedOnToolsVersion = 8.3.3;
						DevelopmentTeam = JV3LNY3KQ7;
						LastSwiftMigration = 0830;
						ProvisioningStyle = Automatic;
					};
					DCB0FD461F6713050027D75D = {
						CreatedOnToolsVersion = 8.3.3;
						DevelopmentTeam = JV3LNY3KQ7;
						ProvisioningStyle = Automatic;
						TestTargetID = DCB0FD321F6713050027D75D;
					};
					DCB0FD511F6713050027D75D = {
						CreatedOnToolsVersion = 8.3.3;
						DevelopmentTeam = JV3LNY3KQ7;
						ProvisioningStyle = Automatic;
						TestTargetID = DCB0FD321F6713050027D75D;
					};
				};
			};
			buildConfigurationList = DCB0FD2E1F6713050027D75D /* Build configuration list for PBXProject "VirtualTourist" */;
			compatibilityVersion = "Xcode 3.2";
			developmentRegion = English;
			hasScannedForEncodings = 0;
			knownRegions = (
				en,
				Base,
			);
			mainGroup = DCB0FD2A1F6713050027D75D;
			productRefGroup = DCB0FD341F6713050027D75D /* Products */;
			projectDirPath = "";
			projectRoot = "";
			targets = (
				DCB0FD321F6713050027D75D /* VirtualTourist */,
				DCB0FD461F6713050027D75D /* VirtualTouristTests */,
				DCB0FD511F6713050027D75D /* VirtualTouristUITests */,
			);
		};
/* End PBXProject section */

/* Begin PBXResourcesBuildPhase section */
		DCB0FD311F6713050027D75D /* Resources */ = {
			isa = PBXResourcesBuildPhase;
			buildActionMask = 2147483647;
			files = (
				DCB0FD411F6713050027D75D /* LaunchScreen.storyboard in Resources */,
				DCB0FD3E1F6713050027D75D /* Assets.xcassets in Resources */,
				DCB0FD3C1F6713050027D75D /* Main.storyboard in Resources */,
			);
			runOnlyForDeploymentPostprocessing = 0;
		};
		DCB0FD451F6713050027D75D /* Resources */ = {
			isa = PBXResourcesBuildPhase;
			buildActionMask = 2147483647;
			files = (
			);
			runOnlyForDeploymentPostprocessing = 0;
		};
		DCB0FD501F6713050027D75D /* Resources */ = {
			isa = PBXResourcesBuildPhase;
			buildActionMask = 2147483647;
			files = (
			);
			runOnlyForDeploymentPostprocessing = 0;
		};
/* End PBXResourcesBuildPhase section */

/* Begin PBXSourcesBuildPhase section */
		DCB0FD2F1F6713050027D75D /* Sources */ = {
			isa = PBXSourcesBuildPhase;
			buildActionMask = 2147483647;
			files = (
				DC0375C11F68B6D900232C18 /* ImageCollectionViewCell.swift in Sources */,
				DCB0FD781F6720880027D75D /* CoreDataCollectionViewController.swift in Sources */,
				DCB0FD711F6719E70027D75D /* CoreDataStack.swift in Sources */,
				DC0375BD1F68B39D00232C18 /* DetailedViewController.swift in Sources */,
				DCB0FDBE1F6789C90027D75D /* PinFrame+CoreDataClass.swift in Sources */,
				DCBD8C4B1F6DF34300FFF8FE /* PhotoFrame+CoreDataProperties.swift in Sources */,
				DCBD8C461F6DC67100FFF8FE /* PinFrame+CoreDataProperties.swift in Sources */,
				DCB0FD811F6746090027D75D /* VConstant.swift in Sources */,
				DCB0FD831F6749FD0027D75D /* MapViewController.swift in Sources */,
				DCB0FD7E1F6745E30027D75D /* FClient.swift in Sources */,
				DCB0FD761F671B460027D75D /* CoreDataTableViewController.swift in Sources */,
				DCB0FD371F6713050027D75D /* AppDelegate.swift in Sources */,
				DCB0FDBC1F6789C90027D75D /* PhotoFrame+CoreDataClass.swift in Sources */,
				DC2D806A1F69BEBA00CAE050 /* SwiftHelperExtension.swift in Sources */,
				DCB0FD871F6750DD0027D75D /* MapViewDelegateMethods.swift in Sources */,
				DC0375BF1F68B46300232C18 /* CollectionVDelegateMethods.swift in Sources */,
				DCB0FD7C1F673CD50027D75D /* VTDataModel.xcdatamodeld in Sources */,
				DCB0FDC41F67955B0027D75D /* DebugM.swift in Sources */,
				DC2D80751F69F30800CAE050 /* DVCDataUpdateMethods.swift in Sources */,
				DCBD8C4D1F6DF62900FFF8FE /* DebugFileTemp.txt in Sources */,
			);
			runOnlyForDeploymentPostprocessing = 0;
		};
		DCB0FD431F6713050027D75D /* Sources */ = {
			isa = PBXSourcesBuildPhase;
			buildActionMask = 2147483647;
			files = (
				DCB0FD4C1F6713050027D75D /* VirtualTouristTests.swift in Sources */,
			);
			runOnlyForDeploymentPostprocessing = 0;
		};
		DCB0FD4E1F6713050027D75D /* Sources */ = {
			isa = PBXSourcesBuildPhase;
			buildActionMask = 2147483647;
			files = (
				DCB0FD571F6713050027D75D /* VirtualTouristUITests.swift in Sources */,
			);
			runOnlyForDeploymentPostprocessing = 0;
		};
/* End PBXSourcesBuildPhase section */

/* Begin PBXTargetDependency section */
		DCB0FD491F6713050027D75D /* PBXTargetDependency */ = {
			isa = PBXTargetDependency;
			target = DCB0FD321F6713050027D75D /* VirtualTourist */;
			targetProxy = DCB0FD481F6713050027D75D /* PBXContainerItemProxy */;
		};
		DCB0FD541F6713050027D75D /* PBXTargetDependency */ = {
			isa = PBXTargetDependency;
			target = DCB0FD321F6713050027D75D /* VirtualTourist */;
			targetProxy = DCB0FD531F6713050027D75D /* PBXContainerItemProxy */;
		};
/* End PBXTargetDependency section */

/* Begin PBXVariantGroup section */
		DCB0FD3A1F6713050027D75D /* Main.storyboard */ = {
			isa = PBXVariantGroup;
			children = (
				DCB0FD3B1F6713050027D75D /* Base */,
			);
			name = Main.storyboard;
			sourceTree = "<group>";
		};
		DCB0FD3F1F6713050027D75D /* LaunchScreen.storyboard */ = {
			isa = PBXVariantGroup;
			children = (
				DCB0FD401F6713050027D75D /* Base */,
			);
			name = LaunchScreen.storyboard;
			sourceTree = "<group>";
		};
/* End PBXVariantGroup section */

/* Begin XCBuildConfiguration section */
		DCB0FD591F6713050027D75D /* Debug */ = {
			isa = XCBuildConfiguration;
			buildSettings = {
				ALWAYS_SEARCH_USER_PATHS = NO;
				CLANG_ANALYZER_NONNULL = YES;
				CLANG_ANALYZER_NUMBER_OBJECT_CONVERSION = YES_AGGRESSIVE;
				CLANG_CXX_LANGUAGE_STANDARD = "gnu++0x";
				CLANG_CXX_LIBRARY = "libc++";
				CLANG_ENABLE_MODULES = YES;
				CLANG_ENABLE_OBJC_ARC = YES;
				CLANG_WARN_BOOL_CONVERSION = YES;
				CLANG_WARN_CONSTANT_CONVERSION = YES;
				CLANG_WARN_DIRECT_OBJC_ISA_USAGE = YES_ERROR;
				CLANG_WARN_DOCUMENTATION_COMMENTS = YES;
				CLANG_WARN_EMPTY_BODY = YES;
				CLANG_WARN_ENUM_CONVERSION = YES;
				CLANG_WARN_INFINITE_RECURSION = YES;
				CLANG_WARN_INT_CONVERSION = YES;
				CLANG_WARN_OBJC_ROOT_CLASS = YES_ERROR;
				CLANG_WARN_SUSPICIOUS_MOVE = YES;
				CLANG_WARN_UNREACHABLE_CODE = YES;
				CLANG_WARN__DUPLICATE_METHOD_MATCH = YES;
				"CODE_SIGN_IDENTITY[sdk=iphoneos*]" = "iPhone Developer";
				COPY_PHASE_STRIP = NO;
				DEBUG_INFORMATION_FORMAT = dwarf;
				ENABLE_STRICT_OBJC_MSGSEND = YES;
				ENABLE_TESTABILITY = YES;
				GCC_C_LANGUAGE_STANDARD = gnu99;
				GCC_DYNAMIC_NO_PIC = NO;
				GCC_NO_COMMON_BLOCKS = YES;
				GCC_OPTIMIZATION_LEVEL = 0;
				GCC_PREPROCESSOR_DEFINITIONS = (
					"DEBUG=1",
					"$(inherited)",
				);
				GCC_WARN_64_TO_32_BIT_CONVERSION = YES;
				GCC_WARN_ABOUT_RETURN_TYPE = YES_ERROR;
				GCC_WARN_UNDECLARED_SELECTOR = YES;
				GCC_WARN_UNINITIALIZED_AUTOS = YES_AGGRESSIVE;
				GCC_WARN_UNUSED_FUNCTION = YES;
				GCC_WARN_UNUSED_VARIABLE = YES;
				IPHONEOS_DEPLOYMENT_TARGET = 10.3;
				MTL_ENABLE_DEBUG_INFO = YES;
				ONLY_ACTIVE_ARCH = YES;
				SDKROOT = iphoneos;
				SWIFT_ACTIVE_COMPILATION_CONDITIONS = DEBUG;
				SWIFT_OPTIMIZATION_LEVEL = "-Onone";
				TARGETED_DEVICE_FAMILY = "1,2";
			};
			name = Debug;
		};
		DCB0FD5A1F6713050027D75D /* Release */ = {
			isa = XCBuildConfiguration;
			buildSettings = {
				ALWAYS_SEARCH_USER_PATHS = NO;
				CLANG_ANALYZER_NONNULL = YES;
				CLANG_ANALYZER_NUMBER_OBJECT_CONVERSION = YES_AGGRESSIVE;
				CLANG_CXX_LANGUAGE_STANDARD = "gnu++0x";
				CLANG_CXX_LIBRARY = "libc++";
				CLANG_ENABLE_MODULES = YES;
				CLANG_ENABLE_OBJC_ARC = YES;
				CLANG_WARN_BOOL_CONVERSION = YES;
				CLANG_WARN_CONSTANT_CONVERSION = YES;
				CLANG_WARN_DIRECT_OBJC_ISA_USAGE = YES_ERROR;
				CLANG_WARN_DOCUMENTATION_COMMENTS = YES;
				CLANG_WARN_EMPTY_BODY = YES;
				CLANG_WARN_ENUM_CONVERSION = YES;
				CLANG_WARN_INFINITE_RECURSION = YES;
				CLANG_WARN_INT_CONVERSION = YES;
				CLANG_WARN_OBJC_ROOT_CLASS = YES_ERROR;
				CLANG_WARN_SUSPICIOUS_MOVE = YES;
				CLANG_WARN_UNREACHABLE_CODE = YES;
				CLANG_WARN__DUPLICATE_METHOD_MATCH = YES;
				"CODE_SIGN_IDENTITY[sdk=iphoneos*]" = "iPhone Developer";
				COPY_PHASE_STRIP = NO;
				DEBUG_INFORMATION_FORMAT = "dwarf-with-dsym";
				ENABLE_NS_ASSERTIONS = NO;
				ENABLE_STRICT_OBJC_MSGSEND = YES;
				GCC_C_LANGUAGE_STANDARD = gnu99;
				GCC_NO_COMMON_BLOCKS = YES;
				GCC_WARN_64_TO_32_BIT_CONVERSION = YES;
				GCC_WARN_ABOUT_RETURN_TYPE = YES_ERROR;
				GCC_WARN_UNDECLARED_SELECTOR = YES;
				GCC_WARN_UNINITIALIZED_AUTOS = YES_AGGRESSIVE;
				GCC_WARN_UNUSED_FUNCTION = YES;
				GCC_WARN_UNUSED_VARIABLE = YES;
				IPHONEOS_DEPLOYMENT_TARGET = 10.3;
				MTL_ENABLE_DEBUG_INFO = NO;
				SDKROOT = iphoneos;
				SWIFT_OPTIMIZATION_LEVEL = "-Owholemodule";
				TARGETED_DEVICE_FAMILY = "1,2";
				VALIDATE_PRODUCT = YES;
			};
			name = Release;
		};
		DCB0FD5C1F6713050027D75D /* Debug */ = {
			isa = XCBuildConfiguration;
			buildSettings = {
				ASSETCATALOG_COMPILER_APPICON_NAME = AppIcon;
				CLANG_ENABLE_MODULES = YES;
				DEVELOPMENT_TEAM = JV3LNY3KQ7;
				INFOPLIST_FILE = VirtualTourist/Info.plist;
				LD_RUNPATH_SEARCH_PATHS = "$(inherited) @executable_path/Frameworks";
				PRODUCT_BUNDLE_IDENTIFIER = Bai.VirtualTourist;
				PRODUCT_NAME = "$(TARGET_NAME)";
				SWIFT_OBJC_BRIDGING_HEADER = "VirtualTourist-Bridging-Header.h";
				SWIFT_OPTIMIZATION_LEVEL = "-Onone";
				SWIFT_VERSION = 3.0;
			};
			name = Debug;
		};
		DCB0FD5D1F6713050027D75D /* Release */ = {
			isa = XCBuildConfiguration;
			buildSettings = {
				ASSETCATALOG_COMPILER_APPICON_NAME = AppIcon;
				CLANG_ENABLE_MODULES = YES;
				DEVELOPMENT_TEAM = JV3LNY3KQ7;
				INFOPLIST_FILE = VirtualTourist/Info.plist;
				LD_RUNPATH_SEARCH_PATHS = "$(inherited) @executable_path/Frameworks";
				PRODUCT_BUNDLE_IDENTIFIER = Bai.VirtualTourist;
				PRODUCT_NAME = "$(TARGET_NAME)";
				SWIFT_OBJC_BRIDGING_HEADER = "VirtualTourist-Bridging-Header.h";
				SWIFT_VERSION = 3.0;
			};
			name = Release;
		};
		DCB0FD5F1F6713050027D75D /* Debug */ = {
			isa = XCBuildConfiguration;
			buildSettings = {
				ALWAYS_EMBED_SWIFT_STANDARD_LIBRARIES = YES;
				BUNDLE_LOADER = "$(TEST_HOST)";
				DEVELOPMENT_TEAM = JV3LNY3KQ7;
				INFOPLIST_FILE = VirtualTouristTests/Info.plist;
				LD_RUNPATH_SEARCH_PATHS = "$(inherited) @executable_path/Frameworks @loader_path/Frameworks";
				PRODUCT_BUNDLE_IDENTIFIER = Bai.VirtualTouristTests;
				PRODUCT_NAME = "$(TARGET_NAME)";
				SWIFT_VERSION = 3.0;
				TEST_HOST = "$(BUILT_PRODUCTS_DIR)/VirtualTourist.app/VirtualTourist";
			};
			name = Debug;
		};
		DCB0FD601F6713050027D75D /* Release */ = {
			isa = XCBuildConfiguration;
			buildSettings = {
				ALWAYS_EMBED_SWIFT_STANDARD_LIBRARIES = YES;
				BUNDLE_LOADER = "$(TEST_HOST)";
				DEVELOPMENT_TEAM = JV3LNY3KQ7;
				INFOPLIST_FILE = VirtualTouristTests/Info.plist;
				LD_RUNPATH_SEARCH_PATHS = "$(inherited) @executable_path/Frameworks @loader_path/Frameworks";
				PRODUCT_BUNDLE_IDENTIFIER = Bai.VirtualTouristTests;
				PRODUCT_NAME = "$(TARGET_NAME)";
				SWIFT_VERSION = 3.0;
				TEST_HOST = "$(BUILT_PRODUCTS_DIR)/VirtualTourist.app/VirtualTourist";
			};
			name = Release;
		};
		DCB0FD621F6713050027D75D /* Debug */ = {
			isa = XCBuildConfiguration;
			buildSettings = {
				ALWAYS_EMBED_SWIFT_STANDARD_LIBRARIES = YES;
				DEVELOPMENT_TEAM = JV3LNY3KQ7;
				INFOPLIST_FILE = VirtualTouristUITests/Info.plist;
				LD_RUNPATH_SEARCH_PATHS = "$(inherited) @executable_path/Frameworks @loader_path/Frameworks";
				PRODUCT_BUNDLE_IDENTIFIER = Bai.VirtualTouristUITests;
				PRODUCT_NAME = "$(TARGET_NAME)";
				SWIFT_VERSION = 3.0;
				TEST_TARGET_NAME = VirtualTourist;
			};
			name = Debug;
		};
		DCB0FD631F6713050027D75D /* Release */ = {
			isa = XCBuildConfiguration;
			buildSettings = {
				ALWAYS_EMBED_SWIFT_STANDARD_LIBRARIES = YES;
				DEVELOPMENT_TEAM = JV3LNY3KQ7;
				INFOPLIST_FILE = VirtualTouristUITests/Info.plist;
				LD_RUNPATH_SEARCH_PATHS = "$(inherited) @executable_path/Frameworks @loader_path/Frameworks";
				PRODUCT_BUNDLE_IDENTIFIER = Bai.VirtualTouristUITests;
				PRODUCT_NAME = "$(TARGET_NAME)";
				SWIFT_VERSION = 3.0;
				TEST_TARGET_NAME = VirtualTourist;
			};
			name = Release;
		};
/* End XCBuildConfiguration section */

/* Begin XCConfigurationList section */
		DCB0FD2E1F6713050027D75D /* Build configuration list for PBXProject "VirtualTourist" */ = {
			isa = XCConfigurationList;
			buildConfigurations = (
				DCB0FD591F6713050027D75D /* Debug */,
				DCB0FD5A1F6713050027D75D /* Release */,
			);
			defaultConfigurationIsVisible = 0;
			defaultConfigurationName = Release;
		};
		DCB0FD5B1F6713050027D75D /* Build configuration list for PBXNativeTarget "VirtualTourist" */ = {
			isa = XCConfigurationList;
			buildConfigurations = (
				DCB0FD5C1F6713050027D75D /* Debug */,
				DCB0FD5D1F6713050027D75D /* Release */,
			);
			defaultConfigurationIsVisible = 0;
			defaultConfigurationName = Release;
		};
		DCB0FD5E1F6713050027D75D /* Build configuration list for PBXNativeTarget "VirtualTouristTests" */ = {
			isa = XCConfigurationList;
			buildConfigurations = (
				DCB0FD5F1F6713050027D75D /* Debug */,
				DCB0FD601F6713050027D75D /* Release */,
			);
			defaultConfigurationIsVisible = 0;
			defaultConfigurationName = Release;
		};
		DCB0FD611F6713050027D75D /* Build configuration list for PBXNativeTarget "VirtualTouristUITests" */ = {
			isa = XCConfigurationList;
			buildConfigurations = (
				DCB0FD621F6713050027D75D /* Debug */,
				DCB0FD631F6713050027D75D /* Release */,
			);
			defaultConfigurationIsVisible = 0;
			defaultConfigurationName = Release;
		};
/* End XCConfigurationList section */

/* Begin XCVersionGroup section */
		DCB0FD7A1F673CD50027D75D /* VTDataModel.xcdatamodeld */ = {
			isa = XCVersionGroup;
			children = (
				DCBD8C471F6DF2BF00FFF8FE /* VTDataM4.xcdatamodel */,
				DCBD8C3E1F6DC4CA00FFF8FE /* VTDataM3PhotoFrame.xcdatamodel */,
				DC2D806B1F69EDC200CAE050 /* VTDataModel2.xcdatamodel */,
				DCB0FD7B1F673CD50027D75D /* VTDataModel.xcdatamodel */,
			);
			currentVersion = DCBD8C471F6DF2BF00FFF8FE /* VTDataM4.xcdatamodel */;
			path = VTDataModel.xcdatamodeld;
			sourceTree = "<group>";
			versionGroupType = wrapper.xcdatamodel;
		};
/* End XCVersionGroup section */
	};
	rootObject = DCB0FD2B1F6713050027D75D /* Project object */;
}
